
Microsoft Visual Studio Solution File, Format Version 12.00
# Visual Studio 15
VisualStudioVersion = 15.0.28307.168
MinimumVisualStudioVersion = 10.0.40219.1
Project("{FAE04EC0-301F-11D3-BF4B-00C04F79EFBC}") = "ChatParserFunction", "ChatParserFunction\ChatParserFunction.csproj", "{C57EFBE9-3945-4412-8F15-2DB0DC3A02F7}"
EndProject
Project("{FAE04EC0-301F-11D3-BF4B-00C04F79EFBC}") = "ChatParserFunction.Test", "ChatParserFunction.Test\ChatParserFunction.Test.csproj", "{3F409A9F-CCFA-429F-940F-3A08C0186AD8}"
EndProject
Global
	GlobalSection(SolutionConfigurationPlatforms) = preSolution
		Debug|Any CPU = Debug|Any CPU
		Release|Any CPU = Release|Any CPU
	EndGlobalSection
	GlobalSection(ProjectConfigurationPlatforms) = postSolution
		{C57EFBE9-3945-4412-8F15-2DB0DC3A02F7}.Debug|Any CPU.ActiveCfg = Debug|Any CPU
		{C57EFBE9-3945-4412-8F15-2DB0DC3A02F7}.Debug|Any CPU.Build.0 = Debug|Any CPU
		{C57EFBE9-3945-4412-8F15-2DB0DC3A02F7}.Release|Any CPU.ActiveCfg = Release|Any CPU
		{C57EFBE9-3945-4412-8F15-2DB0DC3A02F7}.Release|Any CPU.Build.0 = Release|Any CPU
		{3F409A9F-CCFA-429F-940F-3A08C0186AD8}.Debug|Any CPU.ActiveCfg = Debug|Any CPU
		{3F409A9F-CCFA-429F-940F-3A08C0186AD8}.Debug|Any CPU.Build.0 = Debug|Any CPU
		{3F409A9F-CCFA-429F-940F-3A08C0186AD8}.Release|Any CPU.ActiveCfg = Release|Any CPU
		{3F409A9F-CCFA-429F-940F-3A08C0186AD8}.Release|Any CPU.Build.0 = Release|Any CPU
	EndGlobalSection
	GlobalSection(SolutionProperties) = preSolution
		HideSolutionNode = FALSE
	EndGlobalSection
	GlobalSection(ExtensibilityGlobals) = postSolution
		SolutionGuid = {B94BD534-2A44-49C6-814C-0431802DFCC7}
	EndGlobalSection
EndGlobal
